
Microsoft Visual Studio Solution File, Format Version 12.00
# Visual Studio Version 16
VisualStudioVersion = 16.0.29709.97
MinimumVisualStudioVersion = 10.0.40219.1
Project("{FAE04EC0-301F-11D3-BF4B-00C04F79EFBC}") = "Postgres", "Postgres.csproj", "{555E9AB1-914F-42D6-9778-CD597CD2329B}"
EndProject
Global
	GlobalSection(SolutionConfigurationPlatforms) = preSolution
		Debug|Any CPU = Debug|Any CPU
		Release|Any CPU = Release|Any CPU
	EndGlobalSection
	GlobalSection(ProjectConfigurationPlatforms) = postSolution
		{555E9AB1-914F-42D6-9778-CD597CD2329B}.Debug|Any CPU.ActiveCfg = Debug|Any CPU
		{555E9AB1-914F-42D6-9778-CD597CD2329B}.Debug|Any CPU.Build.0 = Debug|Any CPU
		{555E9AB1-914F-42D6-9778-CD597CD2329B}.Release|Any CPU.ActiveCfg = Release|Any CPU
		{555E9AB1-914F-42D6-9778-CD597CD2329B}.Release|Any CPU.Build.0 = Release|Any CPU
	EndGlobalSection
	GlobalSection(SolutionProperties) = preSolution
		HideSolutionNode = FALSE
	EndGlobalSection
	GlobalSection(ExtensibilityGlobals) = postSolution
		SolutionGuid = {811AB712-A048-4DE4-AF75-97E89A3C2B75}
	EndGlobalSection
EndGlobal
